
Microsoft Visual Studio Solution File, Format Version 12.00
# Visual Studio Version 17
VisualStudioVersion = 17.12.35514.174 d17.12
MinimumVisualStudioVersion = 10.0.40219.1
Project("{FAE04EC0-301F-11D3-BF4B-00C04F79EFBC}") = "FIAP.Persistencia", "FIAP.Persistencia\FIAP.Persistencia.csproj", "{556A76F2-E6E7-4BCD-BD04-CE6B6CF5C19F}"
	ProjectSection(ProjectDependencies) = postProject
		{D998508A-1DD1-4EA9-B43C-D63D263780A4} = {D998508A-1DD1-4EA9-B43C-D63D263780A4}
	EndProjectSection
EndProject
Project("{2150E333-8FDC-42A3-9474-1A3956D46DE8}") = "01-UserInterface", "01-UserInterface", "{0189AA09-67B4-4173-B5B4-9430664649DC}"
EndProject
Project("{2150E333-8FDC-42A3-9474-1A3956D46DE8}") = "02-Application", "02-Application", "{7DF3B9B1-AE1B-42FC-A901-C1D4232DAAF9}"
EndProject
Project("{2150E333-8FDC-42A3-9474-1A3956D46DE8}") = "03-Domain", "03-Domain", "{9D8C1245-CB72-4745-B695-D91DB0A28A8D}"
EndProject
Project("{2150E333-8FDC-42A3-9474-1A3956D46DE8}") = "04-Infrastructure", "04-Infrastructure", "{9FD0E1E0-C89C-4420-B870-3621AB27E0D8}"
EndProject
Project("{FAE04EC0-301F-11D3-BF4B-00C04F79EFBC}") = "FIAP_Persistencia.Application", "FIAP_Persistencia.Application\FIAP_Persistencia.Application.csproj", "{7CC96C28-1682-432A-AFB7-86EA69069081}"
EndProject
Project("{FAE04EC0-301F-11D3-BF4B-00C04F79EFBC}") = "FIAP_Persistencia.Data", "FIAP_Persistencia.Data\FIAP_Persistencia.Data.csproj", "{D998508A-1DD1-4EA9-B43C-D63D263780A4}"
EndProject
Project("{FAE04EC0-301F-11D3-BF4B-00C04F79EFBC}") = "FIAP_Contato.CrossCutting", "FIAP_Contato.CrossCutting\FIAP_Contato.CrossCutting.csproj", "{362B38A6-61DF-4356-95EA-F92FC20C57A2}"
EndProject
Project("{FAE04EC0-301F-11D3-BF4B-00C04F79EFBC}") = "FIAP_Persistencia.Dominio", "FIAP_Persistencia.Dominio\FIAP_Persistencia.Dominio.csproj", "{B15B4D94-A36F-4B90-9A14-77A58E5D94D7}"
EndProject
Project("{2150E333-8FDC-42A3-9474-1A3956D46DE8}") = "05-Tests", "05-Tests", "{59EE5CE6-524B-4851-9718-6F587436FF9F}"
EndProject
Project("{FAE04EC0-301F-11D3-BF4B-00C04F79EFBC}") = "FIAP_Persistencia.Test", "FIAP_Persistencia.Test\FIAP_Persistencia.Test.csproj", "{E62E0FB6-34F5-4CE8-84A7-70D466B983AA}"
EndProject
Project("{FAE04EC0-301F-11D3-BF4B-00C04F79EFBC}") = "FIAP_Persistencia.Consumer", "FIAP_Persistencia.Consumer\FIAP_Persistencia.Consumer.csproj", "{1B2DEBA4-834F-4CFE-8165-665929C423BF}"
EndProject
Global
	GlobalSection(SolutionConfigurationPlatforms) = preSolution
		Debug|Any CPU = Debug|Any CPU
		Release|Any CPU = Release|Any CPU
	EndGlobalSection
	GlobalSection(ProjectConfigurationPlatforms) = postSolution
		{556A76F2-E6E7-4BCD-BD04-CE6B6CF5C19F}.Debug|Any CPU.ActiveCfg = Debug|Any CPU
		{556A76F2-E6E7-4BCD-BD04-CE6B6CF5C19F}.Debug|Any CPU.Build.0 = Debug|Any CPU
		{556A76F2-E6E7-4BCD-BD04-CE6B6CF5C19F}.Release|Any CPU.ActiveCfg = Release|Any CPU
		{556A76F2-E6E7-4BCD-BD04-CE6B6CF5C19F}.Release|Any CPU.Build.0 = Release|Any CPU
		{7CC96C28-1682-432A-AFB7-86EA69069081}.Debug|Any CPU.ActiveCfg = Debug|Any CPU
		{7CC96C28-1682-432A-AFB7-86EA69069081}.Debug|Any CPU.Build.0 = Debug|Any CPU
		{7CC96C28-1682-432A-AFB7-86EA69069081}.Release|Any CPU.ActiveCfg = Release|Any CPU
		{7CC96C28-1682-432A-AFB7-86EA69069081}.Release|Any CPU.Build.0 = Release|Any CPU
		{D998508A-1DD1-4EA9-B43C-D63D263780A4}.Debug|Any CPU.ActiveCfg = Debug|Any CPU
		{D998508A-1DD1-4EA9-B43C-D63D263780A4}.Debug|Any CPU.Build.0 = Debug|Any CPU
		{D998508A-1DD1-4EA9-B43C-D63D263780A4}.Release|Any CPU.ActiveCfg = Release|Any CPU
		{D998508A-1DD1-4EA9-B43C-D63D263780A4}.Release|Any CPU.Build.0 = Release|Any CPU
		{362B38A6-61DF-4356-95EA-F92FC20C57A2}.Debug|Any CPU.ActiveCfg = Debug|Any CPU
		{362B38A6-61DF-4356-95EA-F92FC20C57A2}.Debug|Any CPU.Build.0 = Debug|Any CPU
		{362B38A6-61DF-4356-95EA-F92FC20C57A2}.Release|Any CPU.ActiveCfg = Release|Any CPU
		{362B38A6-61DF-4356-95EA-F92FC20C57A2}.Release|Any CPU.Build.0 = Release|Any CPU
		{B15B4D94-A36F-4B90-9A14-77A58E5D94D7}.Debug|Any CPU.ActiveCfg = Debug|Any CPU
		{B15B4D94-A36F-4B90-9A14-77A58E5D94D7}.Debug|Any CPU.Build.0 = Debug|Any CPU
		{B15B4D94-A36F-4B90-9A14-77A58E5D94D7}.Release|Any CPU.ActiveCfg = Release|Any CPU
		{B15B4D94-A36F-4B90-9A14-77A58E5D94D7}.Release|Any CPU.Build.0 = Release|Any CPU
		{E62E0FB6-34F5-4CE8-84A7-70D466B983AA}.Debug|Any CPU.ActiveCfg = Debug|Any CPU
		{E62E0FB6-34F5-4CE8-84A7-70D466B983AA}.Debug|Any CPU.Build.0 = Debug|Any CPU
		{E62E0FB6-34F5-4CE8-84A7-70D466B983AA}.Release|Any CPU.ActiveCfg = Release|Any CPU
		{E62E0FB6-34F5-4CE8-84A7-70D466B983AA}.Release|Any CPU.Build.0 = Release|Any CPU
		{1B2DEBA4-834F-4CFE-8165-665929C423BF}.Debug|Any CPU.ActiveCfg = Debug|Any CPU
		{1B2DEBA4-834F-4CFE-8165-665929C423BF}.Debug|Any CPU.Build.0 = Debug|Any CPU
		{1B2DEBA4-834F-4CFE-8165-665929C423BF}.Release|Any CPU.ActiveCfg = Release|Any CPU
		{1B2DEBA4-834F-4CFE-8165-665929C423BF}.Release|Any CPU.Build.0 = Release|Any CPU
	EndGlobalSection
	GlobalSection(SolutionProperties) = preSolution
		HideSolutionNode = FALSE
	EndGlobalSection
	GlobalSection(NestedProjects) = preSolution
		{556A76F2-E6E7-4BCD-BD04-CE6B6CF5C19F} = {0189AA09-67B4-4173-B5B4-9430664649DC}
		{7CC96C28-1682-432A-AFB7-86EA69069081} = {7DF3B9B1-AE1B-42FC-A901-C1D4232DAAF9}
		{D998508A-1DD1-4EA9-B43C-D63D263780A4} = {9FD0E1E0-C89C-4420-B870-3621AB27E0D8}
		{362B38A6-61DF-4356-95EA-F92FC20C57A2} = {9FD0E1E0-C89C-4420-B870-3621AB27E0D8}
		{B15B4D94-A36F-4B90-9A14-77A58E5D94D7} = {9D8C1245-CB72-4745-B695-D91DB0A28A8D}
		{E62E0FB6-34F5-4CE8-84A7-70D466B983AA} = {59EE5CE6-524B-4851-9718-6F587436FF9F}
		{1B2DEBA4-834F-4CFE-8165-665929C423BF} = {9FD0E1E0-C89C-4420-B870-3621AB27E0D8}
	EndGlobalSection
EndGlobal
